
Microsoft Visual Studio Solution File, Format Version 12.00
# Visual Studio Version 17
VisualStudioVersion = 17.5.33516.290
MinimumVisualStudioVersion = 10.0.40219.1
Project("{FAE04EC0-301F-11D3-BF4B-00C04F79EFBC}") = "UmlToCode", "UmlToCode\UmlToCode.csproj", "{17431AAA-3EFA-4163-B6D8-781ACCF82183}"
EndProject
Global
	GlobalSection(SolutionConfigurationPlatforms) = preSolution
		Debug|Any CPU = Debug|Any CPU
		Release|Any CPU = Release|Any CPU
	EndGlobalSection
	GlobalSection(ProjectConfigurationPlatforms) = postSolution
		{17431AAA-3EFA-4163-B6D8-781ACCF82183}.Debug|Any CPU.ActiveCfg = Debug|Any CPU
		{17431AAA-3EFA-4163-B6D8-781ACCF82183}.Debug|Any CPU.Build.0 = Debug|Any CPU
		{17431AAA-3EFA-4163-B6D8-781ACCF82183}.Release|Any CPU.ActiveCfg = Release|Any CPU
		{17431AAA-3EFA-4163-B6D8-781ACCF82183}.Release|Any CPU.Build.0 = Release|Any CPU
	EndGlobalSection
	GlobalSection(SolutionProperties) = preSolution
		HideSolutionNode = FALSE
	EndGlobalSection
	GlobalSection(ExtensibilityGlobals) = postSolution
		SolutionGuid = {E3A1AA08-B447-4092-851F-AC94B56131DE}
	EndGlobalSection
EndGlobal
